// !$*UTF8*$!
{
	archiveVersion = 1;
	classes = {
	};
	objectVersion = 56;
	objects = {

/* Begin PBXBuildFile section */
		4042C73229CE892B00138CF4 /* DoughnutsApp.swift in Sources */ = {isa = PBXBuildFile; fileRef = 4042C73129CE892B00138CF4 /* DoughnutsApp.swift */; };
		4042C73429CE892B00138CF4 /* ContentView.swift in Sources */ = {isa = PBXBuildFile; fileRef = 4042C73329CE892B00138CF4 /* ContentView.swift */; };
		4042C73629CE892C00138CF4 /* Assets.xcassets in Resources */ = {isa = PBXBuildFile; fileRef = 4042C73529CE892C00138CF4 /* Assets.xcassets */; };
		4042C73929CE892C00138CF4 /* Preview Assets.xcassets in Resources */ = {isa = PBXBuildFile; fileRef = 4042C73829CE892C00138CF4 /* Preview Assets.xcassets */; };
		4042C74329CE892C00138CF4 /* DoughnutsTests.swift in Sources */ = {isa = PBXBuildFile; fileRef = 4042C74229CE892C00138CF4 /* DoughnutsTests.swift */; };
		4042C74D29CE892C00138CF4 /* DoughnutsUITests.swift in Sources */ = {isa = PBXBuildFile; fileRef = 4042C74C29CE892C00138CF4 /* DoughnutsUITests.swift */; };
		4042C74F29CE892C00138CF4 /* DoughnutsUITestsLaunchTests.swift in Sources */ = {isa = PBXBuildFile; fileRef = 4042C74E29CE892C00138CF4 /* DoughnutsUITestsLaunchTests.swift */; };
/* End PBXBuildFile section */

/* Begin PBXContainerItemProxy section */
		4042C73F29CE892C00138CF4 /* PBXContainerItemProxy */ = {
			isa = PBXContainerItemProxy;
			containerPortal = 4042C72629CE892B00138CF4 /* Project object */;
			proxyType = 1;
			remoteGlobalIDString = 4042C72D29CE892B00138CF4;
			remoteInfo = Doughnuts;
		};
		4042C74929CE892C00138CF4 /* PBXContainerItemProxy */ = {
			isa = PBXContainerItemProxy;
			containerPortal = 4042C72629CE892B00138CF4 /* Project object */;
			proxyType = 1;
			remoteGlobalIDString = 4042C72D29CE892B00138CF4;
			remoteInfo = Doughnuts;
		};
/* End PBXContainerItemProxy section */

/* Begin PBXFileReference section */
		4042C72E29CE892B00138CF4 /* Doughnuts.app */ = {isa = PBXFileReference; explicitFileType = wrapper.application; includeInIndex = 0; path = Doughnuts.app; sourceTree = BUILT_PRODUCTS_DIR; };
		4042C73129CE892B00138CF4 /* DoughnutsApp.swift */ = {isa = PBXFileReference; lastKnownFileType = sourcecode.swift; path = DoughnutsApp.swift; sourceTree = "<group>"; };
		4042C73329CE892B00138CF4 /* ContentView.swift */ = {isa = PBXFileReference; lastKnownFileType = sourcecode.swift; path = ContentView.swift; sourceTree = "<group>"; };
		4042C73529CE892C00138CF4 /* Assets.xcassets */ = {isa = PBXFileReference; lastKnownFileType = folder.assetcatalog; path = Assets.xcassets; sourceTree = "<group>"; };
		4042C73829CE892C00138CF4 /* Preview Assets.xcassets */ = {isa = PBXFileReference; lastKnownFileType = folder.assetcatalog; path = "Preview Assets.xcassets"; sourceTree = "<group>"; };
		4042C73E29CE892C00138CF4 /* DoughnutsTests.xctest */ = {isa = PBXFileReference; explicitFileType = wrapper.cfbundle; includeInIndex = 0; path = DoughnutsTests.xctest; sourceTree = BUILT_PRODUCTS_DIR; };
		4042C74229CE892C00138CF4 /* DoughnutsTests.swift */ = {isa = PBXFileReference; lastKnownFileType = sourcecode.swift; path = DoughnutsTests.swift; sourceTree = "<group>"; };
		4042C74829CE892C00138CF4 /* DoughnutsUITests.xctest */ = {isa = PBXFileReference; explicitFileType = wrapper.cfbundle; includeInIndex = 0; path = DoughnutsUITests.xctest; sourceTree = BUILT_PRODUCTS_DIR; };
		4042C74C29CE892C00138CF4 /* DoughnutsUITests.swift */ = {isa = PBXFileReference; lastKnownFileType = sourcecode.swift; path = DoughnutsUITests.swift; sourceTree = "<group>"; };
		4042C74E29CE892C00138CF4 /* DoughnutsUITestsLaunchTests.swift */ = {isa = PBXFileReference; lastKnownFileType = sourcecode.swift; path = DoughnutsUITestsLaunchTests.swift; sourceTree = "<group>"; };
/* End PBXFileReference section */

/* Begin PBXFrameworksBuildPhase section */
		4042C72B29CE892B00138CF4 /* Frameworks */ = {
			isa = PBXFrameworksBuildPhase;
			buildActionMask = 2147483647;
			files = (
			);
			runOnlyForDeploymentPostprocessing = 0;
		};
		4042C73B29CE892C00138CF4 /* Frameworks */ = {
			isa = PBXFrameworksBuildPhase;
			buildActionMask = 2147483647;
			files = (
			);
			runOnlyForDeploymentPostprocessing = 0;
		};
		4042C74529CE892C00138CF4 /* Frameworks */ = {
			isa = PBXFrameworksBuildPhase;
			buildActionMask = 2147483647;
			files = (
			);
			runOnlyForDeploymentPostprocessing = 0;
		};
/* End PBXFrameworksBuildPhase section */

/* Begin PBXGroup section */
		4042C72529CE892B00138CF4 = {
			isa = PBXGroup;
			children = (
				4042C73029CE892B00138CF4 /* Doughnuts */,
				4042C74129CE892C00138CF4 /* DoughnutsTests */,
				4042C74B29CE892C00138CF4 /* DoughnutsUITests */,
				4042C72F29CE892B00138CF4 /* Products */,
			);
			sourceTree = "<group>";
		};
		4042C72F29CE892B00138CF4 /* Products */ = {
			isa = PBXGroup;
			children = (
				4042C72E29CE892B00138CF4 /* Doughnuts.app */,
				4042C73E29CE892C00138CF4 /* DoughnutsTests.xctest */,
				4042C74829CE892C00138CF4 /* DoughnutsUITests.xctest */,
			);
			name = Products;
			sourceTree = "<group>";
		};
		4042C73029CE892B00138CF4 /* Doughnuts */ = {
			isa = PBXGroup;
			children = (
				4042C73129CE892B00138CF4 /* DoughnutsApp.swift */,
				4042C73329CE892B00138CF4 /* ContentView.swift */,
				4042C73529CE892C00138CF4 /* Assets.xcassets */,
				4042C73729CE892C00138CF4 /* Preview Content */,
			);
			path = Doughnuts;
			sourceTree = "<group>";
		};
		4042C73729CE892C00138CF4 /* Preview Content */ = {
			isa = PBXGroup;
			children = (
				4042C73829CE892C00138CF4 /* Preview Assets.xcassets */,
			);
			path = "Preview Content";
			sourceTree = "<group>";
		};
		4042C74129CE892C00138CF4 /* DoughnutsTests */ = {
			isa = PBXGroup;
			children = (
				4042C74229CE892C00138CF4 /* DoughnutsTests.swift */,
			);
			path = DoughnutsTests;
			sourceTree = "<group>";
		};
		4042C74B29CE892C00138CF4 /* DoughnutsUITests */ = {
			isa = PBXGroup;
			children = (
				4042C74C29CE892C00138CF4 /* DoughnutsUITests.swift */,
				4042C74E29CE892C00138CF4 /* DoughnutsUITestsLaunchTests.swift */,
			);
			path = DoughnutsUITests;
			sourceTree = "<group>";
		};
/* End PBXGroup section */

/* Begin PBXNativeTarget section */
		4042C72D29CE892B00138CF4 /* Doughnuts */ = {
			isa = PBXNativeTarget;
			buildConfigurationList = 4042C75229CE892C00138CF4 /* Build configuration list for PBXNativeTarget "Doughnuts" */;
			buildPhases = (
				4042C72A29CE892B00138CF4 /* Sources */,
				4042C72B29CE892B00138CF4 /* Frameworks */,
				4042C72C29CE892B00138CF4 /* Resources */,
			);
			buildRules = (
			);
			dependencies = (
			);
			name = Doughnuts;
			productName = Doughnuts;
			productReference = 4042C72E29CE892B00138CF4 /* Doughnuts.app */;
			productType = "com.apple.product-type.application";
		};
		4042C73D29CE892C00138CF4 /* DoughnutsTests */ = {
			isa = PBXNativeTarget;
			buildConfigurationList = 4042C75529CE892C00138CF4 /* Build configuration list for PBXNativeTarget "DoughnutsTests" */;
			buildPhases = (
				4042C73A29CE892C00138CF4 /* Sources */,
				4042C73B29CE892C00138CF4 /* Frameworks */,
				4042C73C29CE892C00138CF4 /* Resources */,
			);
			buildRules = (
			);
			dependencies = (
				4042C74029CE892C00138CF4 /* PBXTargetDependency */,
			);
			name = DoughnutsTests;
			productName = DoughnutsTests;
			productReference = 4042C73E29CE892C00138CF4 /* DoughnutsTests.xctest */;
			productType = "com.apple.product-type.bundle.unit-test";
		};
		4042C74729CE892C00138CF4 /* DoughnutsUITests */ = {
			isa = PBXNativeTarget;
			buildConfigurationList = 4042C75829CE892C00138CF4 /* Build configuration list for PBXNativeTarget "DoughnutsUITests" */;
			buildPhases = (
				4042C74429CE892C00138CF4 /* Sources */,
				4042C74529CE892C00138CF4 /* Frameworks */,
				4042C74629CE892C00138CF4 /* Resources */,
			);
			buildRules = (
			);
			dependencies = (
				4042C74A29CE892C00138CF4 /* PBXTargetDependency */,
			);
			name = DoughnutsUITests;
			productName = DoughnutsUITests;
			productReference = 4042C74829CE892C00138CF4 /* DoughnutsUITests.xctest */;
			productType = "com.apple.product-type.bundle.ui-testing";
		};
/* End PBXNativeTarget section */

/* Begin PBXProject section */
		4042C72629CE892B00138CF4 /* Project object */ = {
			isa = PBXProject;
			attributes = {
				BuildIndependentTargetsInParallel = 1;
				LastSwiftUpdateCheck = 1420;
				LastUpgradeCheck = 1420;
				TargetAttributes = {
					4042C72D29CE892B00138CF4 = {
						CreatedOnToolsVersion = 14.2;
					};
					4042C73D29CE892C00138CF4 = {
						CreatedOnToolsVersion = 14.2;
						TestTargetID = 4042C72D29CE892B00138CF4;
					};
					4042C74729CE892C00138CF4 = {
						CreatedOnToolsVersion = 14.2;
						TestTargetID = 4042C72D29CE892B00138CF4;
					};
				};
			};
			buildConfigurationList = 4042C72929CE892B00138CF4 /* Build configuration list for PBXProject "Doughnuts" */;
			compatibilityVersion = "Xcode 14.0";
			developmentRegion = en;
			hasScannedForEncodings = 0;
			knownRegions = (
				en,
				Base,
			);
			mainGroup = 4042C72529CE892B00138CF4;
			productRefGroup = 4042C72F29CE892B00138CF4 /* Products */;
			projectDirPath = "";
			projectRoot = "";
			targets = (
				4042C72D29CE892B00138CF4 /* Doughnuts */,
				4042C73D29CE892C00138CF4 /* DoughnutsTests */,
				4042C74729CE892C00138CF4 /* DoughnutsUITests */,
			);
		};
/* End PBXProject section */

/* Begin PBXResourcesBuildPhase section */
		4042C72C29CE892B00138CF4 /* Resources */ = {
			isa = PBXResourcesBuildPhase;
			buildActionMask = 2147483647;
			files = (
				4042C73929CE892C00138CF4 /* Preview Assets.xcassets in Resources */,
				4042C73629CE892C00138CF4 /* Assets.xcassets in Resources */,
			);
			runOnlyForDeploymentPostprocessing = 0;
		};
		4042C73C29CE892C00138CF4 /* Resources */ = {
			isa = PBXResourcesBuildPhase;
			buildActionMask = 2147483647;
			files = (
			);
			runOnlyForDeploymentPostprocessing = 0;
		};
		4042C74629CE892C00138CF4 /* Resources */ = {
			isa = PBXResourcesBuildPhase;
			buildActionMask = 2147483647;
			files = (
			);
			runOnlyForDeploymentPostprocessing = 0;
		};
/* End PBXResourcesBuildPhase section */

/* Begin PBXSourcesBuildPhase section */
		4042C72A29CE892B00138CF4 /* Sources */ = {
			isa = PBXSourcesBuildPhase;
			buildActionMask = 2147483647;
			files = (
				4042C73429CE892B00138CF4 /* ContentView.swift in Sources */,
				4042C73229CE892B00138CF4 /* DoughnutsApp.swift in Sources */,
			);
			runOnlyForDeploymentPostprocessing = 0;
		};
		4042C73A29CE892C00138CF4 /* Sources */ = {
			isa = PBXSourcesBuildPhase;
			buildActionMask = 2147483647;
			files = (
				4042C74329CE892C00138CF4 /* DoughnutsTests.swift in Sources */,
			);
			runOnlyForDeploymentPostprocessing = 0;
		};
		4042C74429CE892C00138CF4 /* Sources */ = {
			isa = PBXSourcesBuildPhase;
			buildActionMask = 2147483647;
			files = (
				4042C74F29CE892C00138CF4 /* DoughnutsUITestsLaunchTests.swift in Sources */,
				4042C74D29CE892C00138CF4 /* DoughnutsUITests.swift in Sources */,
			);
			runOnlyForDeploymentPostprocessing = 0;
		};
/* End PBXSourcesBuildPhase section */

/* Begin PBXTargetDependency section */
		4042C74029CE892C00138CF4 /* PBXTargetDependency */ = {
			isa = PBXTargetDependency;
			target = 4042C72D29CE892B00138CF4 /* Doughnuts */;
			targetProxy = 4042C73F29CE892C00138CF4 /* PBXContainerItemProxy */;
		};
		4042C74A29CE892C00138CF4 /* PBXTargetDependency */ = {
			isa = PBXTargetDependency;
			target = 4042C72D29CE892B00138CF4 /* Doughnuts */;
			targetProxy = 4042C74929CE892C00138CF4 /* PBXContainerItemProxy */;
		};
/* End PBXTargetDependency section */

/* Begin XCBuildConfiguration section */
		4042C75029CE892C00138CF4 /* Debug */ = {
			isa = XCBuildConfiguration;
			buildSettings = {
				ALWAYS_SEARCH_USER_PATHS = NO;
				CLANG_ANALYZER_NONNULL = YES;
				CLANG_ANALYZER_NUMBER_OBJECT_CONVERSION = YES_AGGRESSIVE;
				CLANG_CXX_LANGUAGE_STANDARD = "gnu++20";
				CLANG_ENABLE_MODULES = YES;
				CLANG_ENABLE_OBJC_ARC = YES;
				CLANG_ENABLE_OBJC_WEAK = YES;
				CLANG_WARN_BLOCK_CAPTURE_AUTORELEASING = YES;
				CLANG_WARN_BOOL_CONVERSION = YES;
				CLANG_WARN_COMMA = YES;
				CLANG_WARN_CONSTANT_CONVERSION = YES;
				CLANG_WARN_DEPRECATED_OBJC_IMPLEMENTATIONS = YES;
				CLANG_WARN_DIRECT_OBJC_ISA_USAGE = YES_ERROR;
				CLANG_WARN_DOCUMENTATION_COMMENTS = YES;
				CLANG_WARN_EMPTY_BODY = YES;
				CLANG_WARN_ENUM_CONVERSION = YES;
				CLANG_WARN_INFINITE_RECURSION = YES;
				CLANG_WARN_INT_CONVERSION = YES;
				CLANG_WARN_NON_LITERAL_NULL_CONVERSION = YES;
				CLANG_WARN_OBJC_IMPLICIT_RETAIN_SELF = YES;
				CLANG_WARN_OBJC_LITERAL_CONVERSION = YES;
				CLANG_WARN_OBJC_ROOT_CLASS = YES_ERROR;
				CLANG_WARN_QUOTED_INCLUDE_IN_FRAMEWORK_HEADER = YES;
				CLANG_WARN_RANGE_LOOP_ANALYSIS = YES;
				CLANG_WARN_STRICT_PROTOTYPES = YES;
				CLANG_WARN_SUSPICIOUS_MOVE = YES;
				CLANG_WARN_UNGUARDED_AVAILABILITY = YES_AGGRESSIVE;
				CLANG_WARN_UNREACHABLE_CODE = YES;
				CLANG_WARN__DUPLICATE_METHOD_MATCH = YES;
				COPY_PHASE_STRIP = NO;
				DEBUG_INFORMATION_FORMAT = dwarf;
				ENABLE_STRICT_OBJC_MSGSEND = YES;
				ENABLE_TESTABILITY = YES;
				GCC_C_LANGUAGE_STANDARD = gnu11;
				GCC_DYNAMIC_NO_PIC = NO;
				GCC_NO_COMMON_BLOCKS = YES;
				GCC_OPTIMIZATION_LEVEL = 0;
				GCC_PREPROCESSOR_DEFINITIONS = (
					"DEBUG=1",
					"$(inherited)",
				);
				GCC_WARN_64_TO_32_BIT_CONVERSION = YES;
				GCC_WARN_ABOUT_RETURN_TYPE = YES_ERROR;
				GCC_WARN_UNDECLARED_SELECTOR = YES;
				GCC_WARN_UNINITIALIZED_AUTOS = YES_AGGRESSIVE;
				GCC_WARN_UNUSED_FUNCTION = YES;
				GCC_WARN_UNUSED_VARIABLE = YES;
				IPHONEOS_DEPLOYMENT_TARGET = 16.2;
				MTL_ENABLE_DEBUG_INFO = INCLUDE_SOURCE;
				MTL_FAST_MATH = YES;
				ONLY_ACTIVE_ARCH = YES;
				SDKROOT = iphoneos;
				SWIFT_ACTIVE_COMPILATION_CONDITIONS = DEBUG;
				SWIFT_OPTIMIZATION_LEVEL = "-Onone";
			};
			name = Debug;
		};
		4042C75129CE892C00138CF4 /* Release */ = {
			isa = XCBuildConfiguration;
			buildSettings = {
				ALWAYS_SEARCH_USER_PATHS = NO;
				CLANG_ANALYZER_NONNULL = YES;
				CLANG_ANALYZER_NUMBER_OBJECT_CONVERSION = YES_AGGRESSIVE;
				CLANG_CXX_LANGUAGE_STANDARD = "gnu++20";
				CLANG_ENABLE_MODULES = YES;
				CLANG_ENABLE_OBJC_ARC = YES;
				CLANG_ENABLE_OBJC_WEAK = YES;
				CLANG_WARN_BLOCK_CAPTURE_AUTORELEASING = YES;
				CLANG_WARN_BOOL_CONVERSION = YES;
				CLANG_WARN_COMMA = YES;
				CLANG_WARN_CONSTANT_CONVERSION = YES;
				CLANG_WARN_DEPRECATED_OBJC_IMPLEMENTATIONS = YES;
				CLANG_WARN_DIRECT_OBJC_ISA_USAGE = YES_ERROR;
				CLANG_WARN_DOCUMENTATION_COMMENTS = YES;
				CLANG_WARN_EMPTY_BODY = YES;
				CLANG_WARN_ENUM_CONVERSION = YES;
				CLANG_WARN_INFINITE_RECURSION = YES;
				CLANG_WARN_INT_CONVERSION = YES;
				CLANG_WARN_NON_LITERAL_NULL_CONVERSION = YES;
				CLANG_WARN_OBJC_IMPLICIT_RETAIN_SELF = YES;
				CLANG_WARN_OBJC_LITERAL_CONVERSION = YES;
				CLANG_WARN_OBJC_ROOT_CLASS = YES_ERROR;
				CLANG_WARN_QUOTED_INCLUDE_IN_FRAMEWORK_HEADER = YES;
				CLANG_WARN_RANGE_LOOP_ANALYSIS = YES;
				CLANG_WARN_STRICT_PROTOTYPES = YES;
				CLANG_WARN_SUSPICIOUS_MOVE = YES;
				CLANG_WARN_UNGUARDED_AVAILABILITY = YES_AGGRESSIVE;
				CLANG_WARN_UNREACHABLE_CODE = YES;
				CLANG_WARN__DUPLICATE_METHOD_MATCH = YES;
				COPY_PHASE_STRIP = NO;
				DEBUG_INFORMATION_FORMAT = "dwarf-with-dsym";
				ENABLE_NS_ASSERTIONS = NO;
				ENABLE_STRICT_OBJC_MSGSEND = YES;
				GCC_C_LANGUAGE_STANDARD = gnu11;
				GCC_NO_COMMON_BLOCKS = YES;
				GCC_WARN_64_TO_32_BIT_CONVERSION = YES;
				GCC_WARN_ABOUT_RETURN_TYPE = YES_ERROR;
				GCC_WARN_UNDECLARED_SELECTOR = YES;
				GCC_WARN_UNINITIALIZED_AUTOS = YES_AGGRESSIVE;
				GCC_WARN_UNUSED_FUNCTION = YES;
				GCC_WARN_UNUSED_VARIABLE = YES;
				IPHONEOS_DEPLOYMENT_TARGET = 16.2;
				MTL_ENABLE_DEBUG_INFO = NO;
				MTL_FAST_MATH = YES;
				SDKROOT = iphoneos;
				SWIFT_COMPILATION_MODE = wholemodule;
				SWIFT_OPTIMIZATION_LEVEL = "-O";
				VALIDATE_PRODUCT = YES;
			};
			name = Release;
		};
		4042C75329CE892C00138CF4 /* Debug */ = {
			isa = XCBuildConfiguration;
			buildSettings = {
				ASSETCATALOG_COMPILER_APPICON_NAME = AppIcon;
				ASSETCATALOG_COMPILER_GLOBAL_ACCENT_COLOR_NAME = AccentColor;
				CODE_SIGN_STYLE = Automatic;
				CURRENT_PROJECT_VERSION = 1;
				DEVELOPMENT_ASSET_PATHS = "\"Doughnuts/Preview Content\"";
				DEVELOPMENT_TEAM = M77LNCZ652;
				ENABLE_PREVIEWS = YES;
				GENERATE_INFOPLIST_FILE = YES;
				INFOPLIST_KEY_UIApplicationSceneManifest_Generation = YES;
				INFOPLIST_KEY_UIApplicationSupportsIndirectInputEvents = YES;
				INFOPLIST_KEY_UILaunchScreen_Generation = YES;
				INFOPLIST_KEY_UISupportedInterfaceOrientations_iPad = "UIInterfaceOrientationPortrait UIInterfaceOrientationPortraitUpsideDown UIInterfaceOrientationLandscapeLeft UIInterfaceOrientationLandscapeRight";
				INFOPLIST_KEY_UISupportedInterfaceOrientations_iPhone = "UIInterfaceOrientationPortrait UIInterfaceOrientationLandscapeLeft UIInterfaceOrientationLandscapeRight";
				LD_RUNPATH_SEARCH_PATHS = (
					"$(inherited)",
					"@executable_path/Frameworks",
				);
				MARKETING_VERSION = 1.0;
				PRODUCT_BUNDLE_IDENTIFIER = com.ginanjarsb.Doughnuts;
				PRODUCT_NAME = "$(TARGET_NAME)";
				SWIFT_EMIT_LOC_STRINGS = YES;
				SWIFT_VERSION = 5.0;
				TARGETED_DEVICE_FAMILY = "1,2";
			};
			name = Debug;
		};
		4042C75429CE892C00138CF4 /* Release */ = {
			isa = XCBuildConfiguration;
			buildSettings = {
				ASSETCATALOG_COMPILER_APPICON_NAME = AppIcon;
				ASSETCATALOG_COMPILER_GLOBAL_ACCENT_COLOR_NAME = AccentColor;
				CODE_SIGN_STYLE = Automatic;
				CURRENT_PROJECT_VERSION = 1;
				DEVELOPMENT_ASSET_PATHS = "\"Doughnuts/Preview Content\"";
				DEVELOPMENT_TEAM = M77LNCZ652;
				ENABLE_PREVIEWS = YES;
				GENERATE_INFOPLIST_FILE = YES;
				INFOPLIST_KEY_UIApplicationSceneManifest_Generation = YES;
				INFOPLIST_KEY_UIApplicationSupportsIndirectInputEvents = YES;
				INFOPLIST_KEY_UILaunchScreen_Generation = YES;
				INFOPLIST_KEY_UISupportedInterfaceOrientations_iPad = "UIInterfaceOrientationPortrait UIInterfaceOrientationPortraitUpsideDown UIInterfaceOrientationLandscapeLeft UIInterfaceOrientationLandscapeRight";
				INFOPLIST_KEY_UISupportedInterfaceOrientations_iPhone = "UIInterfaceOrientationPortrait UIInterfaceOrientationLandscapeLeft UIInterfaceOrientationLandscapeRight";
				LD_RUNPATH_SEARCH_PATHS = (
					"$(inherited)",
					"@executable_path/Frameworks",
				);
				MARKETING_VERSION = 1.0;
				PRODUCT_BUNDLE_IDENTIFIER = com.ginanjarsb.Doughnuts;
				PRODUCT_NAME = "$(TARGET_NAME)";
				SWIFT_EMIT_LOC_STRINGS = YES;
				SWIFT_VERSION = 5.0;
				TARGETED_DEVICE_FAMILY = "1,2";
			};
			name = Release;
		};
		4042C75629CE892C00138CF4 /* Debug */ = {
			isa = XCBuildConfiguration;
			buildSettings = {
				ALWAYS_EMBED_SWIFT_STANDARD_LIBRARIES = YES;
				BUNDLE_LOADER = "$(TEST_HOST)";
				CODE_SIGN_STYLE = Automatic;
				CURRENT_PROJECT_VERSION = 1;
				DEVELOPMENT_TEAM = M77LNCZ652;
				GENERATE_INFOPLIST_FILE = YES;
				IPHONEOS_DEPLOYMENT_TARGET = 16.2;
				MARKETING_VERSION = 1.0;
				PRODUCT_BUNDLE_IDENTIFIER = com.ginanjarsb.DoughnutsTests;
				PRODUCT_NAME = "$(TARGET_NAME)";
				SWIFT_EMIT_LOC_STRINGS = NO;
				SWIFT_VERSION = 5.0;
				TARGETED_DEVICE_FAMILY = "1,2";
				TEST_HOST = "$(BUILT_PRODUCTS_DIR)/Doughnuts.app/$(BUNDLE_EXECUTABLE_FOLDER_PATH)/Doughnuts";
			};
			name = Debug;
		};
		4042C75729CE892C00138CF4 /* Release */ = {
			isa = XCBuildConfiguration;
			buildSettings = {
				ALWAYS_EMBED_SWIFT_STANDARD_LIBRARIES = YES;
				BUNDLE_LOADER = "$(TEST_HOST)";
				CODE_SIGN_STYLE = Automatic;
				CURRENT_PROJECT_VERSION = 1;
				DEVELOPMENT_TEAM = M77LNCZ652;
				GENERATE_INFOPLIST_FILE = YES;
				IPHONEOS_DEPLOYMENT_TARGET = 16.2;
				MARKETING_VERSION = 1.0;
				PRODUCT_BUNDLE_IDENTIFIER = com.ginanjarsb.DoughnutsTests;
				PRODUCT_NAME = "$(TARGET_NAME)";
				SWIFT_EMIT_LOC_STRINGS = NO;
				SWIFT_VERSION = 5.0;
				TARGETED_DEVICE_FAMILY = "1,2";
				TEST_HOST = "$(BUILT_PRODUCTS_DIR)/Doughnuts.app/$(BUNDLE_EXECUTABLE_FOLDER_PATH)/Doughnuts";
			};
			name = Release;
		};
		4042C75929CE892C00138CF4 /* Debug */ = {
			isa = XCBuildConfiguration;
			buildSettings = {
				ALWAYS_EMBED_SWIFT_STANDARD_LIBRARIES = YES;
				CODE_SIGN_STYLE = Automatic;
				CURRENT_PROJECT_VERSION = 1;
				DEVELOPMENT_TEAM = M77LNCZ652;
				GENERATE_INFOPLIST_FILE = YES;
				MARKETING_VERSION = 1.0;
				PRODUCT_BUNDLE_IDENTIFIER = com.ginanjarsb.DoughnutsUITests;
				PRODUCT_NAME = "$(TARGET_NAME)";
				SWIFT_EMIT_LOC_STRINGS = NO;
				SWIFT_VERSION = 5.0;
				TARGETED_DEVICE_FAMILY = "1,2";
				TEST_TARGET_NAME = Doughnuts;
			};
			name = Debug;
		};
		4042C75A29CE892C00138CF4 /* Release */ = {
			isa = XCBuildConfiguration;
			buildSettings = {
				ALWAYS_EMBED_SWIFT_STANDARD_LIBRARIES = YES;
				CODE_SIGN_STYLE = Automatic;
				CURRENT_PROJECT_VERSION = 1;
				DEVELOPMENT_TEAM = M77LNCZ652;
				GENERATE_INFOPLIST_FILE = YES;
				MARKETING_VERSION = 1.0;
				PRODUCT_BUNDLE_IDENTIFIER = com.ginanjarsb.DoughnutsUITests;
				PRODUCT_NAME = "$(TARGET_NAME)";
				SWIFT_EMIT_LOC_STRINGS = NO;
				SWIFT_VERSION = 5.0;
				TARGETED_DEVICE_FAMILY = "1,2";
				TEST_TARGET_NAME = Doughnuts;
			};
			name = Release;
		};
/* End XCBuildConfiguration section */

/* Begin XCConfigurationList section */
		4042C72929CE892B00138CF4 /* Build configuration list for PBXProject "Doughnuts" */ = {
			isa = XCConfigurationList;
			buildConfigurations = (
				4042C75029CE892C00138CF4 /* Debug */,
				4042C75129CE892C00138CF4 /* Release */,
			);
			defaultConfigurationIsVisible = 0;
			defaultConfigurationName = Release;
		};
		4042C75229CE892C00138CF4 /* Build configuration list for PBXNativeTarget "Doughnuts" */ = {
			isa = XCConfigurationList;
			buildConfigurations = (
				4042C75329CE892C00138CF4 /* Debug */,
				4042C75429CE892C00138CF4 /* Release */,
			);
			defaultConfigurationIsVisible = 0;
			defaultConfigurationName = Release;
		};
		4042C75529CE892C00138CF4 /* Build configuration list for PBXNativeTarget "DoughnutsTests" */ = {
			isa = XCConfigurationList;
			buildConfigurations = (
				4042C75629CE892C00138CF4 /* Debug */,
				4042C75729CE892C00138CF4 /* Release */,
			);
			defaultConfigurationIsVisible = 0;
			defaultConfigurationName = Release;
		};
		4042C75829CE892C00138CF4 /* Build configuration list for PBXNativeTarget "DoughnutsUITests" */ = {
			isa = XCConfigurationList;
			buildConfigurations = (
				4042C75929CE892C00138CF4 /* Debug */,
				4042C75A29CE892C00138CF4 /* Release */,
			);
			defaultConfigurationIsVisible = 0;
			defaultConfigurationName = Release;
		};
/* End XCConfigurationList section */
	};
	rootObject = 4042C72629CE892B00138CF4 /* Project object */;
}
